// !$*UTF8*$!
{
	archiveVersion = 1;
	classes = {
	};
	objectVersion = 55;
	objects = {

/* Begin PBXBuildFile section */
		53414BFE28EC68610091D298 /* AppDelegate.swift in Sources */ = {isa = PBXBuildFile; fileRef = 53414BFD28EC68610091D298 /* AppDelegate.swift */; };
		53414C0028EC68610091D298 /* SceneDelegate.swift in Sources */ = {isa = PBXBuildFile; fileRef = 53414BFF28EC68610091D298 /* SceneDelegate.swift */; };
		53414C0228EC68610091D298 /* ViewController.swift in Sources */ = {isa = PBXBuildFile; fileRef = 53414C0128EC68610091D298 /* ViewController.swift */; };
		53414C0528EC68610091D298 /* Main.storyboard in Resources */ = {isa = PBXBuildFile; fileRef = 53414C0328EC68610091D298 /* Main.storyboard */; };
		53414C0728EC68620091D298 /* Assets.xcassets in Resources */ = {isa = PBXBuildFile; fileRef = 53414C0628EC68620091D298 /* Assets.xcassets */; };
		53414C0A28EC68620091D298 /* LaunchScreen.storyboard in Resources */ = {isa = PBXBuildFile; fileRef = 53414C0828EC68620091D298 /* LaunchScreen.storyboard */; };
		53414C1528EC68620091D298 /* Bishop_BillAppTests.swift in Sources */ = {isa = PBXBuildFile; fileRef = 53414C1428EC68620091D298 /* Bishop_BillAppTests.swift */; };
		53414C1F28EC68620091D298 /* Bishop_BillAppUITests.swift in Sources */ = {isa = PBXBuildFile; fileRef = 53414C1E28EC68620091D298 /* Bishop_BillAppUITests.swift */; };
		53414C2128EC68620091D298 /* Bishop_BillAppUITestsLaunchTests.swift in Sources */ = {isa = PBXBuildFile; fileRef = 53414C2028EC68620091D298 /* Bishop_BillAppUITestsLaunchTests.swift */; };
/* End PBXBuildFile section */

/* Begin PBXContainerItemProxy section */
		53414C1128EC68620091D298 /* PBXContainerItemProxy */ = {
			isa = PBXContainerItemProxy;
			containerPortal = 53414BF228EC68610091D298 /* Project object */;
			proxyType = 1;
			remoteGlobalIDString = 53414BF928EC68610091D298;
			remoteInfo = Bishop_BillApp;
		};
		53414C1B28EC68620091D298 /* PBXContainerItemProxy */ = {
			isa = PBXContainerItemProxy;
			containerPortal = 53414BF228EC68610091D298 /* Project object */;
			proxyType = 1;
			remoteGlobalIDString = 53414BF928EC68610091D298;
			remoteInfo = Bishop_BillApp;
		};
/* End PBXContainerItemProxy section */

/* Begin PBXFileReference section */
		53414BFA28EC68610091D298 /* Bishop_BillApp.app */ = {isa = PBXFileReference; explicitFileType = wrapper.application; includeInIndex = 0; path = Bishop_BillApp.app; sourceTree = BUILT_PRODUCTS_DIR; };
		53414BFD28EC68610091D298 /* AppDelegate.swift */ = {isa = PBXFileReference; lastKnownFileType = sourcecode.swift; path = AppDelegate.swift; sourceTree = "<group>"; };
		53414BFF28EC68610091D298 /* SceneDelegate.swift */ = {isa = PBXFileReference; lastKnownFileType = sourcecode.swift; path = SceneDelegate.swift; sourceTree = "<group>"; };
		53414C0128EC68610091D298 /* ViewController.swift */ = {isa = PBXFileReference; lastKnownFileType = sourcecode.swift; path = ViewController.swift; sourceTree = "<group>"; };
		53414C0428EC68610091D298 /* Base */ = {isa = PBXFileReference; lastKnownFileType = file.storyboard; name = Base; path = Base.lproj/Main.storyboard; sourceTree = "<group>"; };
		53414C0628EC68620091D298 /* Assets.xcassets */ = {isa = PBXFileReference; lastKnownFileType = folder.assetcatalog; path = Assets.xcassets; sourceTree = "<group>"; };
		53414C0928EC68620091D298 /* Base */ = {isa = PBXFileReference; lastKnownFileType = file.storyboard; name = Base; path = Base.lproj/LaunchScreen.storyboard; sourceTree = "<group>"; };
		53414C0B28EC68620091D298 /* Info.plist */ = {isa = PBXFileReference; lastKnownFileType = text.plist.xml; path = Info.plist; sourceTree = "<group>"; };
		53414C1028EC68620091D298 /* Bishop_BillAppTests.xctest */ = {isa = PBXFileReference; explicitFileType = wrapper.cfbundle; includeInIndex = 0; path = Bishop_BillAppTests.xctest; sourceTree = BUILT_PRODUCTS_DIR; };
		53414C1428EC68620091D298 /* Bishop_BillAppTests.swift */ = {isa = PBXFileReference; lastKnownFileType = sourcecode.swift; path = Bishop_BillAppTests.swift; sourceTree = "<group>"; };
		53414C1A28EC68620091D298 /* Bishop_BillAppUITests.xctest */ = {isa = PBXFileReference; explicitFileType = wrapper.cfbundle; includeInIndex = 0; path = Bishop_BillAppUITests.xctest; sourceTree = BUILT_PRODUCTS_DIR; };
		53414C1E28EC68620091D298 /* Bishop_BillAppUITests.swift */ = {isa = PBXFileReference; lastKnownFileType = sourcecode.swift; path = Bishop_BillAppUITests.swift; sourceTree = "<group>"; };
		53414C2028EC68620091D298 /* Bishop_BillAppUITestsLaunchTests.swift */ = {isa = PBXFileReference; lastKnownFileType = sourcecode.swift; path = Bishop_BillAppUITestsLaunchTests.swift; sourceTree = "<group>"; };
/* End PBXFileReference section */

/* Begin PBXFrameworksBuildPhase section */
		53414BF728EC68610091D298 /* Frameworks */ = {
			isa = PBXFrameworksBuildPhase;
			buildActionMask = 2147483647;
			files = (
			);
			runOnlyForDeploymentPostprocessing = 0;
		};
		53414C0D28EC68620091D298 /* Frameworks */ = {
			isa = PBXFrameworksBuildPhase;
			buildActionMask = 2147483647;
			files = (
			);
			runOnlyForDeploymentPostprocessing = 0;
		};
		53414C1728EC68620091D298 /* Frameworks */ = {
			isa = PBXFrameworksBuildPhase;
			buildActionMask = 2147483647;
			files = (
			);
			runOnlyForDeploymentPostprocessing = 0;
		};
/* End PBXFrameworksBuildPhase section */

/* Begin PBXGroup section */
		53414BF128EC68610091D298 = {
			isa = PBXGroup;
			children = (
				53414BFC28EC68610091D298 /* Bishop_BillApp */,
				53414C1328EC68620091D298 /* Bishop_BillAppTests */,
				53414C1D28EC68620091D298 /* Bishop_BillAppUITests */,
				53414BFB28EC68610091D298 /* Products */,
			);
			sourceTree = "<group>";
		};
		53414BFB28EC68610091D298 /* Products */ = {
			isa = PBXGroup;
			children = (
				53414BFA28EC68610091D298 /* Bishop_BillApp.app */,
				53414C1028EC68620091D298 /* Bishop_BillAppTests.xctest */,
				53414C1A28EC68620091D298 /* Bishop_BillAppUITests.xctest */,
			);
			name = Products;
			sourceTree = "<group>";
		};
		53414BFC28EC68610091D298 /* Bishop_BillApp */ = {
			isa = PBXGroup;
			children = (
				53414BFD28EC68610091D298 /* AppDelegate.swift */,
				53414BFF28EC68610091D298 /* SceneDelegate.swift */,
				53414C0128EC68610091D298 /* ViewController.swift */,
				53414C0328EC68610091D298 /* Main.storyboard */,
				53414C0628EC68620091D298 /* Assets.xcassets */,
				53414C0828EC68620091D298 /* LaunchScreen.storyboard */,
				53414C0B28EC68620091D298 /* Info.plist */,
			);
			path = Bishop_BillApp;
			sourceTree = "<group>";
		};
		53414C1328EC68620091D298 /* Bishop_BillAppTests */ = {
			isa = PBXGroup;
			children = (
				53414C1428EC68620091D298 /* Bishop_BillAppTests.swift */,
			);
			path = Bishop_BillAppTests;
			sourceTree = "<group>";
		};
		53414C1D28EC68620091D298 /* Bishop_BillAppUITests */ = {
			isa = PBXGroup;
			children = (
				53414C1E28EC68620091D298 /* Bishop_BillAppUITests.swift */,
				53414C2028EC68620091D298 /* Bishop_BillAppUITestsLaunchTests.swift */,
			);
			path = Bishop_BillAppUITests;
			sourceTree = "<group>";
		};
/* End PBXGroup section */

/* Begin PBXNativeTarget section */
		53414BF928EC68610091D298 /* Bishop_BillApp */ = {
			isa = PBXNativeTarget;
			buildConfigurationList = 53414C2428EC68620091D298 /* Build configuration list for PBXNativeTarget "Bishop_BillApp" */;
			buildPhases = (
				53414BF628EC68610091D298 /* Sources */,
				53414BF728EC68610091D298 /* Frameworks */,
				53414BF828EC68610091D298 /* Resources */,
			);
			buildRules = (
			);
			dependencies = (
			);
			name = Bishop_BillApp;
			productName = Bishop_BillApp;
			productReference = 53414BFA28EC68610091D298 /* Bishop_BillApp.app */;
			productType = "com.apple.product-type.application";
		};
		53414C0F28EC68620091D298 /* Bishop_BillAppTests */ = {
			isa = PBXNativeTarget;
			buildConfigurationList = 53414C2728EC68620091D298 /* Build configuration list for PBXNativeTarget "Bishop_BillAppTests" */;
			buildPhases = (
				53414C0C28EC68620091D298 /* Sources */,
				53414C0D28EC68620091D298 /* Frameworks */,
				53414C0E28EC68620091D298 /* Resources */,
			);
			buildRules = (
			);
			dependencies = (
				53414C1228EC68620091D298 /* PBXTargetDependency */,
			);
			name = Bishop_BillAppTests;
			productName = Bishop_BillAppTests;
			productReference = 53414C1028EC68620091D298 /* Bishop_BillAppTests.xctest */;
			productType = "com.apple.product-type.bundle.unit-test";
		};
		53414C1928EC68620091D298 /* Bishop_BillAppUITests */ = {
			isa = PBXNativeTarget;
			buildConfigurationList = 53414C2A28EC68620091D298 /* Build configuration list for PBXNativeTarget "Bishop_BillAppUITests" */;
			buildPhases = (
				53414C1628EC68620091D298 /* Sources */,
				53414C1728EC68620091D298 /* Frameworks */,
				53414C1828EC68620091D298 /* Resources */,
			);
			buildRules = (
			);
			dependencies = (
				53414C1C28EC68620091D298 /* PBXTargetDependency */,
			);
			name = Bishop_BillAppUITests;
			productName = Bishop_BillAppUITests;
			productReference = 53414C1A28EC68620091D298 /* Bishop_BillAppUITests.xctest */;
			productType = "com.apple.product-type.bundle.ui-testing";
		};
/* End PBXNativeTarget section */

/* Begin PBXProject section */
		53414BF228EC68610091D298 /* Project object */ = {
			isa = PBXProject;
			attributes = {
				BuildIndependentTargetsInParallel = 1;
				LastSwiftUpdateCheck = 1340;
				LastUpgradeCheck = 1340;
				TargetAttributes = {
					53414BF928EC68610091D298 = {
						CreatedOnToolsVersion = 13.4.1;
					};
					53414C0F28EC68620091D298 = {
						CreatedOnToolsVersion = 13.4.1;
						TestTargetID = 53414BF928EC68610091D298;
					};
					53414C1928EC68620091D298 = {
						CreatedOnToolsVersion = 13.4.1;
						TestTargetID = 53414BF928EC68610091D298;
					};
				};
			};
			buildConfigurationList = 53414BF528EC68610091D298 /* Build configuration list for PBXProject "Bishop_BillApp" */;
			compatibilityVersion = "Xcode 13.0";
			developmentRegion = en;
			hasScannedForEncodings = 0;
			knownRegions = (
				en,
				Base,
			);
			mainGroup = 53414BF128EC68610091D298;
			productRefGroup = 53414BFB28EC68610091D298 /* Products */;
			projectDirPath = "";
			projectRoot = "";
			targets = (
				53414BF928EC68610091D298 /* Bishop_BillApp */,
				53414C0F28EC68620091D298 /* Bishop_BillAppTests */,
				53414C1928EC68620091D298 /* Bishop_BillAppUITests */,
			);
		};
/* End PBXProject section */

/* Begin PBXResourcesBuildPhase section */
		53414BF828EC68610091D298 /* Resources */ = {
			isa = PBXResourcesBuildPhase;
			buildActionMask = 2147483647;
			files = (
				53414C0A28EC68620091D298 /* LaunchScreen.storyboard in Resources */,
				53414C0728EC68620091D298 /* Assets.xcassets in Resources */,
				53414C0528EC68610091D298 /* Main.storyboard in Resources */,
			);
			runOnlyForDeploymentPostprocessing = 0;
		};
		53414C0E28EC68620091D298 /* Resources */ = {
			isa = PBXResourcesBuildPhase;
			buildActionMask = 2147483647;
			files = (
			);
			runOnlyForDeploymentPostprocessing = 0;
		};
		53414C1828EC68620091D298 /* Resources */ = {
			isa = PBXResourcesBuildPhase;
			buildActionMask = 2147483647;
			files = (
			);
			runOnlyForDeploymentPostprocessing = 0;
		};
/* End PBXResourcesBuildPhase section */

/* Begin PBXSourcesBuildPhase section */
		53414BF628EC68610091D298 /* Sources */ = {
			isa = PBXSourcesBuildPhase;
			buildActionMask = 2147483647;
			files = (
				53414C0228EC68610091D298 /* ViewController.swift in Sources */,
				53414BFE28EC68610091D298 /* AppDelegate.swift in Sources */,
				53414C0028EC68610091D298 /* SceneDelegate.swift in Sources */,
			);
			runOnlyForDeploymentPostprocessing = 0;
		};
		53414C0C28EC68620091D298 /* Sources */ = {
			isa = PBXSourcesBuildPhase;
			buildActionMask = 2147483647;
			files = (
				53414C1528EC68620091D298 /* Bishop_BillAppTests.swift in Sources */,
			);
			runOnlyForDeploymentPostprocessing = 0;
		};
		53414C1628EC68620091D298 /* Sources */ = {
			isa = PBXSourcesBuildPhase;
			buildActionMask = 2147483647;
			files = (
				53414C2128EC68620091D298 /* Bishop_BillAppUITestsLaunchTests.swift in Sources */,
				53414C1F28EC68620091D298 /* Bishop_BillAppUITests.swift in Sources */,
			);
			runOnlyForDeploymentPostprocessing = 0;
		};
/* End PBXSourcesBuildPhase section */

/* Begin PBXTargetDependency section */
		53414C1228EC68620091D298 /* PBXTargetDependency */ = {
			isa = PBXTargetDependency;
			target = 53414BF928EC68610091D298 /* Bishop_BillApp */;
			targetProxy = 53414C1128EC68620091D298 /* PBXContainerItemProxy */;
		};
		53414C1C28EC68620091D298 /* PBXTargetDependency */ = {
			isa = PBXTargetDependency;
			target = 53414BF928EC68610091D298 /* Bishop_BillApp */;
			targetProxy = 53414C1B28EC68620091D298 /* PBXContainerItemProxy */;
		};
/* End PBXTargetDependency section */

/* Begin PBXVariantGroup section */
		53414C0328EC68610091D298 /* Main.storyboard */ = {
			isa = PBXVariantGroup;
			children = (
				53414C0428EC68610091D298 /* Base */,
			);
			name = Main.storyboard;
			sourceTree = "<group>";
		};
		53414C0828EC68620091D298 /* LaunchScreen.storyboard */ = {
			isa = PBXVariantGroup;
			children = (
				53414C0928EC68620091D298 /* Base */,
			);
			name = LaunchScreen.storyboard;
			sourceTree = "<group>";
		};
/* End PBXVariantGroup section */

/* Begin XCBuildConfiguration section */
		53414C2228EC68620091D298 /* Debug */ = {
			isa = XCBuildConfiguration;
			buildSettings = {
				ALWAYS_SEARCH_USER_PATHS = NO;
				CLANG_ANALYZER_NONNULL = YES;
				CLANG_ANALYZER_NUMBER_OBJECT_CONVERSION = YES_AGGRESSIVE;
				CLANG_CXX_LANGUAGE_STANDARD = "gnu++17";
				CLANG_ENABLE_MODULES = YES;
				CLANG_ENABLE_OBJC_ARC = YES;
				CLANG_ENABLE_OBJC_WEAK = YES;
				CLANG_WARN_BLOCK_CAPTURE_AUTORELEASING = YES;
				CLANG_WARN_BOOL_CONVERSION = YES;
				CLANG_WARN_COMMA = YES;
				CLANG_WARN_CONSTANT_CONVERSION = YES;
				CLANG_WARN_DEPRECATED_OBJC_IMPLEMENTATIONS = YES;
				CLANG_WARN_DIRECT_OBJC_ISA_USAGE = YES_ERROR;
				CLANG_WARN_DOCUMENTATION_COMMENTS = YES;
				CLANG_WARN_EMPTY_BODY = YES;
				CLANG_WARN_ENUM_CONVERSION = YES;
				CLANG_WARN_INFINITE_RECURSION = YES;
				CLANG_WARN_INT_CONVERSION = YES;
				CLANG_WARN_NON_LITERAL_NULL_CONVERSION = YES;
				CLANG_WARN_OBJC_IMPLICIT_RETAIN_SELF = YES;
				CLANG_WARN_OBJC_LITERAL_CONVERSION = YES;
				CLANG_WARN_OBJC_ROOT_CLASS = YES_ERROR;
				CLANG_WARN_QUOTED_INCLUDE_IN_FRAMEWORK_HEADER = YES;
				CLANG_WARN_RANGE_LOOP_ANALYSIS = YES;
				CLANG_WARN_STRICT_PROTOTYPES = YES;
				CLANG_WARN_SUSPICIOUS_MOVE = YES;
				CLANG_WARN_UNGUARDED_AVAILABILITY = YES_AGGRESSIVE;
				CLANG_WARN_UNREACHABLE_CODE = YES;
				CLANG_WARN__DUPLICATE_METHOD_MATCH = YES;
				COPY_PHASE_STRIP = NO;
				DEBUG_INFORMATION_FORMAT = dwarf;
				ENABLE_STRICT_OBJC_MSGSEND = YES;
				ENABLE_TESTABILITY = YES;
				GCC_C_LANGUAGE_STANDARD = gnu11;
				GCC_DYNAMIC_NO_PIC = NO;
				GCC_NO_COMMON_BLOCKS = YES;
				GCC_OPTIMIZATION_LEVEL = 0;
				GCC_PREPROCESSOR_DEFINITIONS = (
					"DEBUG=1",
					"$(inherited)",
				);
				GCC_WARN_64_TO_32_BIT_CONVERSION = YES;
				GCC_WARN_ABOUT_RETURN_TYPE = YES_ERROR;
				GCC_WARN_UNDECLARED_SELECTOR = YES;
				GCC_WARN_UNINITIALIZED_AUTOS = YES_AGGRESSIVE;
				GCC_WARN_UNUSED_FUNCTION = YES;
				GCC_WARN_UNUSED_VARIABLE = YES;
				IPHONEOS_DEPLOYMENT_TARGET = 15.5;
				MTL_ENABLE_DEBUG_INFO = INCLUDE_SOURCE;
				MTL_FAST_MATH = YES;
				ONLY_ACTIVE_ARCH = YES;
				SDKROOT = iphoneos;
				SWIFT_ACTIVE_COMPILATION_CONDITIONS = DEBUG;
				SWIFT_OPTIMIZATION_LEVEL = "-Onone";
			};
			name = Debug;
		};
		53414C2328EC68620091D298 /* Release */ = {
			isa = XCBuildConfiguration;
			buildSettings = {
				ALWAYS_SEARCH_USER_PATHS = NO;
				CLANG_ANALYZER_NONNULL = YES;
				CLANG_ANALYZER_NUMBER_OBJECT_CONVERSION = YES_AGGRESSIVE;
				CLANG_CXX_LANGUAGE_STANDARD = "gnu++17";
				CLANG_ENABLE_MODULES = YES;
				CLANG_ENABLE_OBJC_ARC = YES;
				CLANG_ENABLE_OBJC_WEAK = YES;
				CLANG_WARN_BLOCK_CAPTURE_AUTORELEASING = YES;
				CLANG_WARN_BOOL_CONVERSION = YES;
				CLANG_WARN_COMMA = YES;
				CLANG_WARN_CONSTANT_CONVERSION = YES;
				CLANG_WARN_DEPRECATED_OBJC_IMPLEMENTATIONS = YES;
				CLANG_WARN_DIRECT_OBJC_ISA_USAGE = YES_ERROR;
				CLANG_WARN_DOCUMENTATION_COMMENTS = YES;
				CLANG_WARN_EMPTY_BODY = YES;
				CLANG_WARN_ENUM_CONVERSION = YES;
				CLANG_WARN_INFINITE_RECURSION = YES;
				CLANG_WARN_INT_CONVERSION = YES;
				CLANG_WARN_NON_LITERAL_NULL_CONVERSION = YES;
				CLANG_WARN_OBJC_IMPLICIT_RETAIN_SELF = YES;
				CLANG_WARN_OBJC_LITERAL_CONVERSION = YES;
				CLANG_WARN_OBJC_ROOT_CLASS = YES_ERROR;
				CLANG_WARN_QUOTED_INCLUDE_IN_FRAMEWORK_HEADER = YES;
				CLANG_WARN_RANGE_LOOP_ANALYSIS = YES;
				CLANG_WARN_STRICT_PROTOTYPES = YES;
				CLANG_WARN_SUSPICIOUS_MOVE = YES;
				CLANG_WARN_UNGUARDED_AVAILABILITY = YES_AGGRESSIVE;
				CLANG_WARN_UNREACHABLE_CODE = YES;
				CLANG_WARN__DUPLICATE_METHOD_MATCH = YES;
				COPY_PHASE_STRIP = NO;
				DEBUG_INFORMATION_FORMAT = "dwarf-with-dsym";
				ENABLE_NS_ASSERTIONS = NO;
				ENABLE_STRICT_OBJC_MSGSEND = YES;
				GCC_C_LANGUAGE_STANDARD = gnu11;
				GCC_NO_COMMON_BLOCKS = YES;
				GCC_WARN_64_TO_32_BIT_CONVERSION = YES;
				GCC_WARN_ABOUT_RETURN_TYPE = YES_ERROR;
				GCC_WARN_UNDECLARED_SELECTOR = YES;
				GCC_WARN_UNINITIALIZED_AUTOS = YES_AGGRESSIVE;
				GCC_WARN_UNUSED_FUNCTION = YES;
				GCC_WARN_UNUSED_VARIABLE = YES;
				IPHONEOS_DEPLOYMENT_TARGET = 15.5;
				MTL_ENABLE_DEBUG_INFO = NO;
				MTL_FAST_MATH = YES;
				SDKROOT = iphoneos;
				SWIFT_COMPILATION_MODE = wholemodule;
				SWIFT_OPTIMIZATION_LEVEL = "-O";
				VALIDATE_PRODUCT = YES;
			};
			name = Release;
		};
		53414C2528EC68620091D298 /* Debug */ = {
			isa = XCBuildConfiguration;
			buildSettings = {
				ASSETCATALOG_COMPILER_APPICON_NAME = AppIcon;
				ASSETCATALOG_COMPILER_GLOBAL_ACCENT_COLOR_NAME = AccentColor;
				CODE_SIGN_STYLE = Automatic;
				CURRENT_PROJECT_VERSION = 1;
				GENERATE_INFOPLIST_FILE = YES;
				INFOPLIST_FILE = Bishop_BillApp/Info.plist;
				INFOPLIST_KEY_UIApplicationSupportsIndirectInputEvents = YES;
				INFOPLIST_KEY_UILaunchStoryboardName = LaunchScreen;
				INFOPLIST_KEY_UIMainStoryboardFile = Main;
				INFOPLIST_KEY_UISupportedInterfaceOrientations_iPad = "UIInterfaceOrientationPortrait UIInterfaceOrientationPortraitUpsideDown UIInterfaceOrientationLandscapeLeft UIInterfaceOrientationLandscapeRight";
				INFOPLIST_KEY_UISupportedInterfaceOrientations_iPhone = "UIInterfaceOrientationPortrait UIInterfaceOrientationLandscapeLeft UIInterfaceOrientationLandscapeRight";
				LD_RUNPATH_SEARCH_PATHS = (
					"$(inherited)",
					"@executable_path/Frameworks",
				);
				MARKETING_VERSION = 1.0;
				PRODUCT_BUNDLE_IDENTIFIER = "nwmsu.Bishop-BillApp";
				PRODUCT_NAME = "$(TARGET_NAME)";
				SWIFT_EMIT_LOC_STRINGS = YES;
				SWIFT_VERSION = 5.0;
				TARGETED_DEVICE_FAMILY = "1,2";
			};
			name = Debug;
		};
		53414C2628EC68620091D298 /* Release */ = {
			isa = XCBuildConfiguration;
			buildSettings = {
				ASSETCATALOG_COMPILER_APPICON_NAME = AppIcon;
				ASSETCATALOG_COMPILER_GLOBAL_ACCENT_COLOR_NAME = AccentColor;
				CODE_SIGN_STYLE = Automatic;
				CURRENT_PROJECT_VERSION = 1;
				GENERATE_INFOPLIST_FILE = YES;
				INFOPLIST_FILE = Bishop_BillApp/Info.plist;
				INFOPLIST_KEY_UIApplicationSupportsIndirectInputEvents = YES;
				INFOPLIST_KEY_UILaunchStoryboardName = LaunchScreen;
				INFOPLIST_KEY_UIMainStoryboardFile = Main;
				INFOPLIST_KEY_UISupportedInterfaceOrientations_iPad = "UIInterfaceOrientationPortrait UIInterfaceOrientationPortraitUpsideDown UIInterfaceOrientationLandscapeLeft UIInterfaceOrientationLandscapeRight";
				INFOPLIST_KEY_UISupportedInterfaceOrientations_iPhone = "UIInterfaceOrientationPortrait UIInterfaceOrientationLandscapeLeft UIInterfaceOrientationLandscapeRight";
				LD_RUNPATH_SEARCH_PATHS = (
					"$(inherited)",
					"@executable_path/Frameworks",
				);
				MARKETING_VERSION = 1.0;
				PRODUCT_BUNDLE_IDENTIFIER = "nwmsu.Bishop-BillApp";
				PRODUCT_NAME = "$(TARGET_NAME)";
				SWIFT_EMIT_LOC_STRINGS = YES;
				SWIFT_VERSION = 5.0;
				TARGETED_DEVICE_FAMILY = "1,2";
			};
			name = Release;
		};
		53414C2828EC68620091D298 /* Debug */ = {
			isa = XCBuildConfiguration;
			buildSettings = {
				ALWAYS_EMBED_SWIFT_STANDARD_LIBRARIES = YES;
				BUNDLE_LOADER = "$(TEST_HOST)";
				CODE_SIGN_STYLE = Automatic;
				CURRENT_PROJECT_VERSION = 1;
				GENERATE_INFOPLIST_FILE = YES;
				IPHONEOS_DEPLOYMENT_TARGET = 15.5;
				MARKETING_VERSION = 1.0;
				PRODUCT_BUNDLE_IDENTIFIER = "nwmsu.Bishop-BillAppTests";
				PRODUCT_NAME = "$(TARGET_NAME)";
				SWIFT_EMIT_LOC_STRINGS = NO;
				SWIFT_VERSION = 5.0;
				TARGETED_DEVICE_FAMILY = "1,2";
				TEST_HOST = "$(BUILT_PRODUCTS_DIR)/Bishop_BillApp.app/Bishop_BillApp";
			};
			name = Debug;
		};
		53414C2928EC68620091D298 /* Release */ = {
			isa = XCBuildConfiguration;
			buildSettings = {
				ALWAYS_EMBED_SWIFT_STANDARD_LIBRARIES = YES;
				BUNDLE_LOADER = "$(TEST_HOST)";
				CODE_SIGN_STYLE = Automatic;
				CURRENT_PROJECT_VERSION = 1;
				GENERATE_INFOPLIST_FILE = YES;
				IPHONEOS_DEPLOYMENT_TARGET = 15.5;
				MARKETING_VERSION = 1.0;
				PRODUCT_BUNDLE_IDENTIFIER = "nwmsu.Bishop-BillAppTests";
				PRODUCT_NAME = "$(TARGET_NAME)";
				SWIFT_EMIT_LOC_STRINGS = NO;
				SWIFT_VERSION = 5.0;
				TARGETED_DEVICE_FAMILY = "1,2";
				TEST_HOST = "$(BUILT_PRODUCTS_DIR)/Bishop_BillApp.app/Bishop_BillApp";
			};
			name = Release;
		};
		53414C2B28EC68620091D298 /* Debug */ = {
			isa = XCBuildConfiguration;
			buildSettings = {
				ALWAYS_EMBED_SWIFT_STANDARD_LIBRARIES = YES;
				CODE_SIGN_STYLE = Automatic;
				CURRENT_PROJECT_VERSION = 1;
				GENERATE_INFOPLIST_FILE = YES;
				MARKETING_VERSION = 1.0;
				PRODUCT_BUNDLE_IDENTIFIER = "nwmsu.Bishop-BillAppUITests";
				PRODUCT_NAME = "$(TARGET_NAME)";
				SWIFT_EMIT_LOC_STRINGS = NO;
				SWIFT_VERSION = 5.0;
				TARGETED_DEVICE_FAMILY = "1,2";
				TEST_TARGET_NAME = Bishop_BillApp;
			};
			name = Debug;
		};
		53414C2C28EC68620091D298 /* Release */ = {
			isa = XCBuildConfiguration;
			buildSettings = {
				ALWAYS_EMBED_SWIFT_STANDARD_LIBRARIES = YES;
				CODE_SIGN_STYLE = Automatic;
				CURRENT_PROJECT_VERSION = 1;
				GENERATE_INFOPLIST_FILE = YES;
				MARKETING_VERSION = 1.0;
				PRODUCT_BUNDLE_IDENTIFIER = "nwmsu.Bishop-BillAppUITests";
				PRODUCT_NAME = "$(TARGET_NAME)";
				SWIFT_EMIT_LOC_STRINGS = NO;
				SWIFT_VERSION = 5.0;
				TARGETED_DEVICE_FAMILY = "1,2";
				TEST_TARGET_NAME = Bishop_BillApp;
			};
			name = Release;
		};
/* End XCBuildConfiguration section */

/* Begin XCConfigurationList section */
		53414BF528EC68610091D298 /* Build configuration list for PBXProject "Bishop_BillApp" */ = {
			isa = XCConfigurationList;
			buildConfigurations = (
				53414C2228EC68620091D298 /* Debug */,
				53414C2328EC68620091D298 /* Release */,
			);
			defaultConfigurationIsVisible = 0;
			defaultConfigurationName = Release;
		};
		53414C2428EC68620091D298 /* Build configuration list for PBXNativeTarget "Bishop_BillApp" */ = {
			isa = XCConfigurationList;
			buildConfigurations = (
				53414C2528EC68620091D298 /* Debug */,
				53414C2628EC68620091D298 /* Release */,
			);
			defaultConfigurationIsVisible = 0;
			defaultConfigurationName = Release;
		};
		53414C2728EC68620091D298 /* Build configuration list for PBXNativeTarget "Bishop_BillAppTests" */ = {
			isa = XCConfigurationList;
			buildConfigurations = (
				53414C2828EC68620091D298 /* Debug */,
				53414C2928EC68620091D298 /* Release */,
			);
			defaultConfigurationIsVisible = 0;
			defaultConfigurationName = Release;
		};
		53414C2A28EC68620091D298 /* Build configuration list for PBXNativeTarget "Bishop_BillAppUITests" */ = {
			isa = XCConfigurationList;
			buildConfigurations = (
				53414C2B28EC68620091D298 /* Debug */,
				53414C2C28EC68620091D298 /* Release */,
			);
			defaultConfigurationIsVisible = 0;
			defaultConfigurationName = Release;
		};
/* End XCConfigurationList section */
	};
	rootObject = 53414BF228EC68610091D298 /* Project object */;
}
